
Microsoft Visual Studio Solution File, Format Version 12.00
# Visual Studio Version 16
VisualStudioVersion = 16.0.31129.286
MinimumVisualStudioVersion = 10.0.40219.1
Project("{FAE04EC0-301F-11D3-BF4B-00C04F79EFBC}") = "Account_Control.GUI", "Account_Control\Account_Control.GUI.csproj", "{5B992189-1E9F-41BF-9A5A-2FBB3733F0C5}"
EndProject
Project("{FAE04EC0-301F-11D3-BF4B-00C04F79EFBC}") = "Account_Control.Logic", "Models\Account_Control.Logic.csproj", "{99ADCB14-818C-44DF-9153-B501234FC34F}"
EndProject
Project("{FAE04EC0-301F-11D3-BF4B-00C04F79EFBC}") = "Account_Control.Persistence", "Account_Control.Persistence\Account_Control.Persistence.csproj", "{8CAE0F2B-5D7C-4D20-8EF9-09C19329E23B}"
EndProject
Global
	GlobalSection(SolutionConfigurationPlatforms) = preSolution
		Debug|Any CPU = Debug|Any CPU
		Release|Any CPU = Release|Any CPU
	EndGlobalSection
	GlobalSection(ProjectConfigurationPlatforms) = postSolution
		{5B992189-1E9F-41BF-9A5A-2FBB3733F0C5}.Debug|Any CPU.ActiveCfg = Debug|Any CPU
		{5B992189-1E9F-41BF-9A5A-2FBB3733F0C5}.Debug|Any CPU.Build.0 = Debug|Any CPU
		{5B992189-1E9F-41BF-9A5A-2FBB3733F0C5}.Release|Any CPU.ActiveCfg = Release|Any CPU
		{5B992189-1E9F-41BF-9A5A-2FBB3733F0C5}.Release|Any CPU.Build.0 = Release|Any CPU
		{99ADCB14-818C-44DF-9153-B501234FC34F}.Debug|Any CPU.ActiveCfg = Debug|Any CPU
		{99ADCB14-818C-44DF-9153-B501234FC34F}.Debug|Any CPU.Build.0 = Debug|Any CPU
		{99ADCB14-818C-44DF-9153-B501234FC34F}.Release|Any CPU.ActiveCfg = Release|Any CPU
		{99ADCB14-818C-44DF-9153-B501234FC34F}.Release|Any CPU.Build.0 = Release|Any CPU
		{8CAE0F2B-5D7C-4D20-8EF9-09C19329E23B}.Debug|Any CPU.ActiveCfg = Debug|Any CPU
		{8CAE0F2B-5D7C-4D20-8EF9-09C19329E23B}.Debug|Any CPU.Build.0 = Debug|Any CPU
		{8CAE0F2B-5D7C-4D20-8EF9-09C19329E23B}.Release|Any CPU.ActiveCfg = Release|Any CPU
		{8CAE0F2B-5D7C-4D20-8EF9-09C19329E23B}.Release|Any CPU.Build.0 = Release|Any CPU
	EndGlobalSection
	GlobalSection(SolutionProperties) = preSolution
		HideSolutionNode = FALSE
	EndGlobalSection
	GlobalSection(ExtensibilityGlobals) = postSolution
		SolutionGuid = {FDF1A8BB-0642-40FA-9844-2A334CF46601}
	EndGlobalSection
EndGlobal
